
Microsoft Visual Studio Solution File, Format Version 12.00
# Visual Studio 15
VisualStudioVersion = 15.0.28307.1972
MinimumVisualStudioVersion = 10.0.40219.1
Project("{FAE04EC0-301F-11D3-BF4B-00C04F79EFBC}") = "final project", "final project\final project.csproj", "{01E2A39D-821B-49BC-B93C-4C86BF8CDCDE}"
EndProject
Global
	GlobalSection(SolutionConfigurationPlatforms) = preSolution
		Debug|Any CPU = Debug|Any CPU
		Release|Any CPU = Release|Any CPU
	EndGlobalSection
	GlobalSection(ProjectConfigurationPlatforms) = postSolution
		{01E2A39D-821B-49BC-B93C-4C86BF8CDCDE}.Debug|Any CPU.ActiveCfg = Debug|Any CPU
		{01E2A39D-821B-49BC-B93C-4C86BF8CDCDE}.Debug|Any CPU.Build.0 = Debug|Any CPU
		{01E2A39D-821B-49BC-B93C-4C86BF8CDCDE}.Release|Any CPU.ActiveCfg = Release|Any CPU
		{01E2A39D-821B-49BC-B93C-4C86BF8CDCDE}.Release|Any CPU.Build.0 = Release|Any CPU
	EndGlobalSection
	GlobalSection(SolutionProperties) = preSolution
		HideSolutionNode = FALSE
	EndGlobalSection
	GlobalSection(ExtensibilityGlobals) = postSolution
		SolutionGuid = {DC1462E7-E526-4094-A4F2-7DABA9C171CD}
	EndGlobalSection
EndGlobal
